
Microsoft Visual Studio Solution File, Format Version 12.00
# Visual Studio Version 17
VisualStudioVersion = 17.6.33815.320
MinimumVisualStudioVersion = 10.0.40219.1
Project("{FAE04EC0-301F-11D3-BF4B-00C04F79EFBC}") = "CoreProject.UI", "CoreProject.UI\CoreProject.UI.csproj", "{8C558D53-5075-44F2-ADF2-01B108129C18}"
EndProject
Project("{FAE04EC0-301F-11D3-BF4B-00C04F79EFBC}") = "CoreProject.Entity", "CoreProject.Entity\CoreProject.Entity.csproj", "{DC6FB46B-6802-4723-ACF5-78AC3CECEDA7}"
EndProject
Project("{FAE04EC0-301F-11D3-BF4B-00C04F79EFBC}") = "CoreProject.BLL", "CoreProject.BLL\CoreProject.BLL.csproj", "{61E2BB72-E2D6-4894-B622-B9F54306AE1C}"
EndProject
Project("{FAE04EC0-301F-11D3-BF4B-00C04F79EFBC}") = "CoreProject.DAL", "CoreProject.DAL\CoreProject.DAL.csproj", "{3C250B9E-3A73-40E0-80B9-B2AEA6E4F750}"
EndProject
Project("{FAE04EC0-301F-11D3-BF4B-00C04F79EFBC}") = "CoreProject.API", "CoreProject.API\CoreProject.API.csproj", "{63D69B76-F90B-43B7-BDF5-D57DC747FBDE}"
EndProject
Global
	GlobalSection(SolutionConfigurationPlatforms) = preSolution
		Debug|Any CPU = Debug|Any CPU
		Release|Any CPU = Release|Any CPU
	EndGlobalSection
	GlobalSection(ProjectConfigurationPlatforms) = postSolution
		{8C558D53-5075-44F2-ADF2-01B108129C18}.Debug|Any CPU.ActiveCfg = Debug|Any CPU
		{8C558D53-5075-44F2-ADF2-01B108129C18}.Debug|Any CPU.Build.0 = Debug|Any CPU
		{8C558D53-5075-44F2-ADF2-01B108129C18}.Release|Any CPU.ActiveCfg = Release|Any CPU
		{8C558D53-5075-44F2-ADF2-01B108129C18}.Release|Any CPU.Build.0 = Release|Any CPU
		{DC6FB46B-6802-4723-ACF5-78AC3CECEDA7}.Debug|Any CPU.ActiveCfg = Debug|Any CPU
		{DC6FB46B-6802-4723-ACF5-78AC3CECEDA7}.Debug|Any CPU.Build.0 = Debug|Any CPU
		{DC6FB46B-6802-4723-ACF5-78AC3CECEDA7}.Release|Any CPU.ActiveCfg = Release|Any CPU
		{DC6FB46B-6802-4723-ACF5-78AC3CECEDA7}.Release|Any CPU.Build.0 = Release|Any CPU
		{61E2BB72-E2D6-4894-B622-B9F54306AE1C}.Debug|Any CPU.ActiveCfg = Debug|Any CPU
		{61E2BB72-E2D6-4894-B622-B9F54306AE1C}.Debug|Any CPU.Build.0 = Debug|Any CPU
		{61E2BB72-E2D6-4894-B622-B9F54306AE1C}.Release|Any CPU.ActiveCfg = Release|Any CPU
		{61E2BB72-E2D6-4894-B622-B9F54306AE1C}.Release|Any CPU.Build.0 = Release|Any CPU
		{3C250B9E-3A73-40E0-80B9-B2AEA6E4F750}.Debug|Any CPU.ActiveCfg = Debug|Any CPU
		{3C250B9E-3A73-40E0-80B9-B2AEA6E4F750}.Debug|Any CPU.Build.0 = Debug|Any CPU
		{3C250B9E-3A73-40E0-80B9-B2AEA6E4F750}.Release|Any CPU.ActiveCfg = Release|Any CPU
		{3C250B9E-3A73-40E0-80B9-B2AEA6E4F750}.Release|Any CPU.Build.0 = Release|Any CPU
		{63D69B76-F90B-43B7-BDF5-D57DC747FBDE}.Debug|Any CPU.ActiveCfg = Debug|Any CPU
		{63D69B76-F90B-43B7-BDF5-D57DC747FBDE}.Debug|Any CPU.Build.0 = Debug|Any CPU
		{63D69B76-F90B-43B7-BDF5-D57DC747FBDE}.Release|Any CPU.ActiveCfg = Release|Any CPU
		{63D69B76-F90B-43B7-BDF5-D57DC747FBDE}.Release|Any CPU.Build.0 = Release|Any CPU
	EndGlobalSection
	GlobalSection(SolutionProperties) = preSolution
		HideSolutionNode = FALSE
	EndGlobalSection
	GlobalSection(ExtensibilityGlobals) = postSolution
		SolutionGuid = {5D70DF49-18D3-4D1D-AD3D-DE79B4C3D124}
	EndGlobalSection
EndGlobal
